
Microsoft Visual Studio Solution File, Format Version 12.00
# Visual Studio 15
Project("{FAE04EC0-301F-11D3-BF4B-00C04F79EFBC}") = "EmployeeWebService.API", "EmployeeWebService.API\EmployeeWebService.API.csproj", "{A9C1D0A7-1339-4352-9B03-97E048A671FE}"
EndProject
Project("{FAE04EC0-301F-11D3-BF4B-00C04F79EFBC}") = "EmployeeWebService.API.Test", "EmployeeWebService.API.Test\EmployeeWebService.API.Test.csproj", "{B8E7691A-2C85-47A1-80FE-01451E2D558E}"
EndProject
Global
	GlobalSection(SolutionConfigurationPlatforms) = preSolution
		Debug|Any CPU = Debug|Any CPU
		Release|Any CPU = Release|Any CPU
	EndGlobalSection
	GlobalSection(ProjectConfigurationPlatforms) = postSolution
		{A9C1D0A7-1339-4352-9B03-97E048A671FE}.Debug|Any CPU.ActiveCfg = Debug|Any CPU
		{A9C1D0A7-1339-4352-9B03-97E048A671FE}.Debug|Any CPU.Build.0 = Debug|Any CPU
		{A9C1D0A7-1339-4352-9B03-97E048A671FE}.Release|Any CPU.ActiveCfg = Release|Any CPU
		{A9C1D0A7-1339-4352-9B03-97E048A671FE}.Release|Any CPU.Build.0 = Release|Any CPU
		{B8E7691A-2C85-47A1-80FE-01451E2D558E}.Debug|Any CPU.ActiveCfg = Debug|Any CPU
		{B8E7691A-2C85-47A1-80FE-01451E2D558E}.Debug|Any CPU.Build.0 = Debug|Any CPU
		{B8E7691A-2C85-47A1-80FE-01451E2D558E}.Release|Any CPU.ActiveCfg = Release|Any CPU
		{B8E7691A-2C85-47A1-80FE-01451E2D558E}.Release|Any CPU.Build.0 = Release|Any CPU
	EndGlobalSection
EndGlobal
